
Microsoft Visual Studio Solution File, Format Version 12.00
# Visual Studio 15
VisualStudioVersion = 15.0.28307.271
MinimumVisualStudioVersion = 10.0.40219.1
Project("{FAE04EC0-301F-11D3-BF4B-00C04F79EFBC}") = "Browser", "Browser\Browser.csproj", "{206DC874-5A9A-4D36-9724-1D6330BA2BF6}"
EndProject
Global
	GlobalSection(SolutionConfigurationPlatforms) = preSolution
		Debug|Any CPU = Debug|Any CPU
		Release|Any CPU = Release|Any CPU
	EndGlobalSection
	GlobalSection(ProjectConfigurationPlatforms) = postSolution
		{206DC874-5A9A-4D36-9724-1D6330BA2BF6}.Debug|Any CPU.ActiveCfg = Debug|Any CPU
		{206DC874-5A9A-4D36-9724-1D6330BA2BF6}.Debug|Any CPU.Build.0 = Debug|Any CPU
		{206DC874-5A9A-4D36-9724-1D6330BA2BF6}.Release|Any CPU.ActiveCfg = Release|Any CPU
		{206DC874-5A9A-4D36-9724-1D6330BA2BF6}.Release|Any CPU.Build.0 = Release|Any CPU
	EndGlobalSection
	GlobalSection(SolutionProperties) = preSolution
		HideSolutionNode = FALSE
	EndGlobalSection
	GlobalSection(ExtensibilityGlobals) = postSolution
		SolutionGuid = {56389E7A-33AB-402F-86FB-F0EE8620D99C}
	EndGlobalSection
EndGlobal
