
Microsoft Visual Studio Solution File, Format Version 12.00
# Visual Studio 15
VisualStudioVersion = 15.0.28307.271
MinimumVisualStudioVersion = 10.0.40219.1
Project("{FAE04EC0-301F-11D3-BF4B-00C04F79EFBC}") = "GuessTheNumber", "GuessTheNumber\GuessTheNumber.csproj", "{5D3A27FF-8F96-4340-888D-D4C9D866FBC8}"
EndProject
Global
	GlobalSection(SolutionConfigurationPlatforms) = preSolution
		Debug|Any CPU = Debug|Any CPU
		Release|Any CPU = Release|Any CPU
	EndGlobalSection
	GlobalSection(ProjectConfigurationPlatforms) = postSolution
		{5D3A27FF-8F96-4340-888D-D4C9D866FBC8}.Debug|Any CPU.ActiveCfg = Debug|Any CPU
		{5D3A27FF-8F96-4340-888D-D4C9D866FBC8}.Debug|Any CPU.Build.0 = Debug|Any CPU
		{5D3A27FF-8F96-4340-888D-D4C9D866FBC8}.Release|Any CPU.ActiveCfg = Release|Any CPU
		{5D3A27FF-8F96-4340-888D-D4C9D866FBC8}.Release|Any CPU.Build.0 = Release|Any CPU
	EndGlobalSection
	GlobalSection(SolutionProperties) = preSolution
		HideSolutionNode = FALSE
	EndGlobalSection
	GlobalSection(ExtensibilityGlobals) = postSolution
		SolutionGuid = {9B96D125-DFFE-42B4-B829-4820E274C51F}
	EndGlobalSection
EndGlobal
